
Microsoft Visual Studio Solution File, Format Version 12.00
# Visual Studio Version 17
VisualStudioVersion = 17.8.34408.163
MinimumVisualStudioVersion = 10.0.40219.1
Project("{FAE04EC0-301F-11D3-BF4B-00C04F79EFBC}") = "FinalExamCorrection", "FinalExamCorrection\FinalExamCorrection.csproj", "{8BC14DF3-6CDA-4311-B9A0-B34446ACD5E2}"
EndProject
Global
	GlobalSection(SolutionConfigurationPlatforms) = preSolution
		Debug|Any CPU = Debug|Any CPU
		Release|Any CPU = Release|Any CPU
	EndGlobalSection
	GlobalSection(ProjectConfigurationPlatforms) = postSolution
		{8BC14DF3-6CDA-4311-B9A0-B34446ACD5E2}.Debug|Any CPU.ActiveCfg = Debug|Any CPU
		{8BC14DF3-6CDA-4311-B9A0-B34446ACD5E2}.Debug|Any CPU.Build.0 = Debug|Any CPU
		{8BC14DF3-6CDA-4311-B9A0-B34446ACD5E2}.Release|Any CPU.ActiveCfg = Release|Any CPU
		{8BC14DF3-6CDA-4311-B9A0-B34446ACD5E2}.Release|Any CPU.Build.0 = Release|Any CPU
	EndGlobalSection
	GlobalSection(SolutionProperties) = preSolution
		HideSolutionNode = FALSE
	EndGlobalSection
	GlobalSection(ExtensibilityGlobals) = postSolution
		SolutionGuid = {A93CD288-2E7F-42A6-B17A-AA1B6B948328}
	EndGlobalSection
EndGlobal
